
Microsoft Visual Studio Solution File, Format Version 12.00
# Visual Studio Version 17
VisualStudioVersion = 17.8.34511.84
MinimumVisualStudioVersion = 10.0.40219.1
Project("{FAE04EC0-301F-11D3-BF4B-00C04F79EFBC}") = "HVAC Planning WebApp", "HVAC Planning WebApp.csproj", "{03729F9B-3FF8-435E-A732-F8A724B8BE8A}"
EndProject
Global
	GlobalSection(SolutionConfigurationPlatforms) = preSolution
		Debug|Any CPU = Debug|Any CPU
		Release|Any CPU = Release|Any CPU
	EndGlobalSection
	GlobalSection(ProjectConfigurationPlatforms) = postSolution
		{03729F9B-3FF8-435E-A732-F8A724B8BE8A}.Debug|Any CPU.ActiveCfg = Debug|Any CPU
		{03729F9B-3FF8-435E-A732-F8A724B8BE8A}.Debug|Any CPU.Build.0 = Debug|Any CPU
		{03729F9B-3FF8-435E-A732-F8A724B8BE8A}.Release|Any CPU.ActiveCfg = Release|Any CPU
		{03729F9B-3FF8-435E-A732-F8A724B8BE8A}.Release|Any CPU.Build.0 = Release|Any CPU
	EndGlobalSection
	GlobalSection(SolutionProperties) = preSolution
		HideSolutionNode = FALSE
	EndGlobalSection
	GlobalSection(ExtensibilityGlobals) = postSolution
		SolutionGuid = {E7004D26-7615-4CC6-AEB2-36B0E1AE810E}
	EndGlobalSection
EndGlobal
